// !$*UTF8*$!
{
	archiveVersion = 1;
	classes = {
	};
	objectVersion = 46;
	objects = {
/* Begin PBXBuildFile section */
		0207DA581B56EA530066E2B4 /* Images.xcassets in Resources */ = {isa = PBXBuildFile; fileRef = 0207DA571B56EA530066E2B4 /* Images.xcassets */; };
		072DC507BD3B438E8443188B /* CDVLocation.m in Sources */ = {isa = PBXBuildFile; fileRef = F992464F720A42C5979D0884 /* CDVLocation.m */; };
		0B334C81B59C4BD1AD4FF05F /* scannerOverlay.xib in Resources */ = {isa = PBXBuildFile; fileRef = 3BE476E53067405B9BA5D62B /* scannerOverlay.xib */; };
		0B8BC10ACB8040ACB938C20A /* CDVAssetLibraryFilesystem.m in Sources */ = {isa = PBXBuildFile; fileRef = 00BB5D3509784912B21C6FD2 /* CDVAssetLibraryFilesystem.m */; };
		0CF19F11F5A94C8985399CC0 /* CDVWKWebViewUIDelegate.m in Sources */ = {isa = PBXBuildFile; fileRef = DAEEC529EA3A4DF1A1E9F82E /* CDVWKWebViewUIDelegate.m */; };
		0D7C14C898DF490FB8B72C72 /* CDVCapture.m in Sources */ = {isa = PBXBuildFile; fileRef = 6A58A084FE3F4E13B486548B /* CDVCapture.m */; };
		1657F4A1394344D8B369FA3F /* CDVBarcodeScanner.bundle in Resources */ = {isa = PBXBuildFile; fileRef = 25CD4C366CF24BD39E189286 /* CDVBarcodeScanner.bundle */; };
		1D3623260D0F684500981E51 /* AppDelegate.m in Sources */ = {isa = PBXBuildFile; fileRef = 1D3623250D0F684500981E51 /* AppDelegate.m */; };
		1D60589B0D05DD56006BFB54 /* main.m in Sources */ = {isa = PBXBuildFile; fileRef = 29B97316FDCFA39411CA2CEA /* main.m */; };
		301BF552109A68D80062928A /* libCordova.a in Frameworks */ = {isa = PBXBuildFile; fileRef = 301BF535109A57CC0062928A /* libCordova.a */; settings = {ATTRIBUTES = (Required, ); }; };
		302D95F114D2391D003F00A1 /* MainViewController.m in Sources */ = {isa = PBXBuildFile; fileRef = 302D95EF14D2391D003F00A1 /* MainViewController.m */; };
		302D95F214D2391D003F00A1 /* MainViewController.xib in Resources */ = {isa = PBXBuildFile; fileRef = 302D95F014D2391D003F00A1 /* MainViewController.xib */; };
		560714ED64134DFBBC37B1CE /* CoreLocation.framework in Frameworks */ = {isa = PBXBuildFile; fileRef = A6DDEDA4BBB346DF9DED790A /* CoreLocation.framework */; };
		57B749374DEF41BCBBD449C2 /* CDVViewController+SplashScreen.m in Sources */ = {isa = PBXBuildFile; fileRef = 847FDF6425A9495AA9603C73 /* CDVViewController+SplashScreen.m */; };
		5AAA165653F44011BA4E4123 /* CDVStatusBar.m in Sources */ = {isa = PBXBuildFile; fileRef = 6C8459B87D4443529D8512EF /* CDVStatusBar.m */; };
		5FA8A0A2C76A40A092543513 /* CDVKeyboard.m in Sources */ = {isa = PBXBuildFile; fileRef = 680F2D18FA2149C08FEEA02A /* CDVKeyboard.m */; };
		689ED5943C3F4A819AC2E237 /* CDVBarcodeScanner.mm in Sources */ = {isa = PBXBuildFile; fileRef = 1F1C7C2FF268405E89B432FE /* CDVBarcodeScanner.mm */; };
		698F5647CE9A40D5AADF6191 /* AVFoundation.framework in Frameworks */ = {isa = PBXBuildFile; fileRef = 3F2766FF92FA4A50811CAE5C /* AVFoundation.framework */; };
		6AFF5BF91D6E424B00AB3073 /* CDVLaunchScreen.storyboard in Resources */ = {isa = PBXBuildFile; fileRef = 6AFF5BF81D6E424B00AB3073 /* CDVLaunchScreen.storyboard */; };
		8446426455F743F5A9A2AF79 /* CDVSplashScreen.m in Sources */ = {isa = PBXBuildFile; fileRef = C5A827FB4E2D4DFEA0D42952 /* CDVSplashScreen.m */; };
		A722BC028FBA45209F081D55 /* CDVFile.m in Sources */ = {isa = PBXBuildFile; fileRef = 1D01BB4FCD994C6A866EDB86 /* CDVFile.m */; };
		BA8D5F9F521C446282B2CF76 /* WebKit.framework in Frameworks */ = {isa = PBXBuildFile; fileRef = 0C423A9989D04800A7AA0438 /* WebKit.framework */; settings = {ATTRIBUTES = (Weak, ); }; };
		C070E81E1A2E4EFD85CAEE58 /* CDVWKWebViewEngine.m in Sources */ = {isa = PBXBuildFile; fileRef = 0A6CB10BE8714C9D8D8A60B2 /* CDVWKWebViewEngine.m */; };
		C53CDF2C1F0943969498CC19 /* AudioToolbox.framework in Frameworks */ = {isa = PBXBuildFile; fileRef = A2C89663C1034A13976A0960 /* AudioToolbox.framework */; };
		D7D1D596F3EB47AF981010EE /* CDVWKProcessPoolFactory.m in Sources */ = {isa = PBXBuildFile; fileRef = C3FCD1489ABB4E868B0C30FE /* CDVWKProcessPoolFactory.m */; };
		E27B86DF53BF4C12B830866B /* CDVCapture.bundle in Resources */ = {isa = PBXBuildFile; fileRef = 3BF0D412DEC14A48BDA3C7D8 /* CDVCapture.bundle */; };
		FE4D192651AD48C89A37958F /* CDVLocalFilesystem.m in Sources */ = {isa = PBXBuildFile; fileRef = EBB131E41E1F4A1597827129 /* CDVLocalFilesystem.m */; };
		49816B88814E45F9BBBBC03A /* Screenshot.m in Sources */ = {isa = PBXBuildFile; fileRef = C710B4EB71264CD893569DF3 /* Screenshot.m */; };
		E5B2471C84444858932C4123 /* CDVMediaStream.m in Sources */ = {isa = PBXBuildFile; fileRef = 7D4A291727474975A5CD763B /* CDVMediaStream.m */; };
		50F7BA74052B4DC395D844ED /* CameraViewController.m in Sources */ = {isa = PBXBuildFile; fileRef = 2A538848030B48718D306F79 /* CameraViewController.m */; };
		02DA84E042FF4E6D9CB5CC7C /* JPSCameraButton.m in Sources */ = {isa = PBXBuildFile; fileRef = ECD83CC6E219459DBFC7C8CE /* JPSCameraButton.m */; };
		3926AF016F774174825BFDCA /* UIImage+DrawBlock.m in Sources */ = {isa = PBXBuildFile; fileRef = 385255A3105543B2A2B93C71 /* UIImage+DrawBlock.m */; };
		002474762BFF40BFA93F02A2 /* CameraViewController.xib in Resources */ = {isa = PBXBuildFile; fileRef = 98FE76508F654BC89FCC7FCD /* CameraViewController.xib */; };
		A036FDDFCD144C49964CF324 /* CDVImageCapture.m in Sources */ = {isa = PBXBuildFile; fileRef = 4CBA3B4A67EC4D57AF6FEE9F /* CDVImageCapture.m */; };
		BE558B0443DF4085936670D4 /* CDVImageCapture.bundle in Resources */ = {isa = PBXBuildFile; fileRef = 8D04765AE66B42B49943DEA3 /* CDVImageCapture.bundle */; };
		67D7F67649844C8B8D56FBB2 /* ImageIO.framework in Frameworks */ = {isa = PBXBuildFile; fileRef = 8599149865C0478FB8C21F4F /* ImageIO.framework */; settings = {ATTRIBUTES = (Weak, ); }; };
		C9C29FB41FF044269A75CDE0 /* CDVSound.m in Sources */ = {isa = PBXBuildFile; fileRef = E220716C8BF0462B9DB520D9 /* CDVSound.m */; };
		9EAF45904A484E5589A77313 /* CDVFileTransfer.m in Sources */ = {isa = PBXBuildFile; fileRef = FA295E28CBF3459C862CFD41 /* CDVFileTransfer.m */; };
		CDC77A964D694AE8BE558BAB /* CDVInAppBrowser.m in Sources */ = {isa = PBXBuildFile; fileRef = 8379B5F46B424220B7A31263 /* CDVInAppBrowser.m */; };
		99499AF609F641FBB057A8E1 /* CDVInAppBrowserOptions.m in Sources */ = {isa = PBXBuildFile; fileRef = 3EE1D1C49C3F4EB8A567A653 /* CDVInAppBrowserOptions.m */; };
		E200A24B6F794B5EB84EAA27 /* CDVInAppBrowserNavigationController.m in Sources */ = {isa = PBXBuildFile; fileRef = 934095D5E78F4D0696FB2A10 /* CDVInAppBrowserNavigationController.m */; };
		BED12AFE9A96427B9C16CB47 /* CDVUIInAppBrowser.m in Sources */ = {isa = PBXBuildFile; fileRef = F0A29DC3C9F445A397C9A16C /* CDVUIInAppBrowser.m */; };
		ACA10BCA905341F98FD0333E /* CDVWKInAppBrowser.m in Sources */ = {isa = PBXBuildFile; fileRef = 01B869F98B614FBC81C4FD42 /* CDVWKInAppBrowser.m */; };
		58D95D96D49648E0A6A2D6E9 /* CDVWKInAppBrowserUIDelegate.m in Sources */ = {isa = PBXBuildFile; fileRef = 11DC2772BDF8481B8DB8FF62 /* CDVWKInAppBrowserUIDelegate.m */; };
/* End PBXBuildFile section */

/* Begin PBXContainerItemProxy section */
		301BF534109A57CC0062928A /* PBXContainerItemProxy */ = {
			isa = PBXContainerItemProxy;
			containerPortal = 301BF52D109A57CC0062928A /* CordovaLib/CordovaLib.xcodeproj */;
			proxyType = 2;
			remoteGlobalIDString = D2AAC07E0554694100DB518D;
			remoteInfo = CordovaLib;
		};
		301BF550109A68C00062928A /* PBXContainerItemProxy */ = {
			isa = PBXContainerItemProxy;
			containerPortal = 301BF52D109A57CC0062928A /* CordovaLib/CordovaLib.xcodeproj */;
			proxyType = 1;
			remoteGlobalIDString = D2AAC07D0554694100DB518D;
			remoteInfo = CordovaLib;
		};
		907D8123214C687600058A10 /* PBXContainerItemProxy */ = {
			isa = PBXContainerItemProxy;
			containerPortal = 301BF52D109A57CC0062928A /* CordovaLib/CordovaLib.xcodeproj */;
			proxyType = 2;
			remoteGlobalIDString = C0C01EB21E3911D50056E6CB;
			remoteInfo = Cordova;
		};
/* End PBXContainerItemProxy section */

/* Begin PBXFileReference section */
		00BB5D3509784912B21C6FD2 /* CDVAssetLibraryFilesystem.m */ = {isa = PBXFileReference; explicitFileType = undefined; fileEncoding = 4; includeInIndex = 0; lastKnownFileType = sourcecode.c.objc; name = CDVAssetLibraryFilesystem.m; path = "cordova-plugin-file/CDVAssetLibraryFilesystem.m"; sourceTree = "<group>"; };
		0207DA571B56EA530066E2B4 /* Images.xcassets */ = {isa = PBXFileReference; lastKnownFileType = folder.assetcatalog; name = Images.xcassets; path = Logify/Images.xcassets; sourceTree = SOURCE_ROOT; };
		0A6CB10BE8714C9D8D8A60B2 /* CDVWKWebViewEngine.m */ = {isa = PBXFileReference; explicitFileType = undefined; fileEncoding = 4; includeInIndex = 0; lastKnownFileType = sourcecode.c.objc; name = CDVWKWebViewEngine.m; path = "cordova-plugin-wkwebview-engine/CDVWKWebViewEngine.m"; sourceTree = "<group>"; };
		0C423A9989D04800A7AA0438 /* WebKit.framework */ = {isa = PBXFileReference; explicitFileType = undefined; fileEncoding = 9; includeInIndex = 0; lastKnownFileType = wrapper.framework; name = WebKit.framework; path = System/Library/Frameworks/WebKit.framework; sourceTree = SDKROOT; };
		143A445D59D449DE9DFD6911 /* CDVLocation.h */ = {isa = PBXFileReference; explicitFileType = undefined; fileEncoding = 4; includeInIndex = 0; lastKnownFileType = sourcecode.c.h; name = CDVLocation.h; path = "cordova-plugin-geolocation/CDVLocation.h"; sourceTree = "<group>"; };
		1D01BB4FCD994C6A866EDB86 /* CDVFile.m */ = {isa = PBXFileReference; explicitFileType = undefined; fileEncoding = 4; includeInIndex = 0; lastKnownFileType = sourcecode.c.objc; name = CDVFile.m; path = "cordova-plugin-file/CDVFile.m"; sourceTree = "<group>"; };
		1D3623240D0F684500981E51 /* AppDelegate.h */ = {isa = PBXFileReference; fileEncoding = 4; lastKnownFileType = sourcecode.c.h; path = AppDelegate.h; sourceTree = "<group>"; };
		1D3623250D0F684500981E51 /* AppDelegate.m */ = {isa = PBXFileReference; fileEncoding = 4; lastKnownFileType = sourcecode.c.objc; path = AppDelegate.m; sourceTree = "<group>"; };
		1D6058910D05DD3D006BFB54 /* Logify.app */ = {isa = PBXFileReference; explicitFileType = wrapper.application; includeInIndex = 0; path = Logify.app; sourceTree = BUILT_PRODUCTS_DIR; };
		1F1C7C2FF268405E89B432FE /* CDVBarcodeScanner.mm */ = {isa = PBXFileReference; explicitFileType = undefined; fileEncoding = 9; includeInIndex = 0; lastKnownFileType = unknown; name = CDVBarcodeScanner.mm; path = "phonegap-plugin-barcodescanner/CDVBarcodeScanner.mm"; sourceTree = "<group>"; };
		25CD4C366CF24BD39E189286 /* CDVBarcodeScanner.bundle */ = {isa = PBXFileReference; explicitFileType = undefined; fileEncoding = 9; includeInIndex = 0; lastKnownFileType = "wrapper.plug-in"; path = CDVBarcodeScanner.bundle; sourceTree = "<group>"; };
		29B97316FDCFA39411CA2CEA /* main.m */ = {isa = PBXFileReference; fileEncoding = 4; lastKnownFileType = sourcecode.c.objc; path = main.m; sourceTree = "<group>"; };
		301BF52D109A57CC0062928A /* CordovaLib/CordovaLib.xcodeproj */ = {isa = PBXFileReference; lastKnownFileType = "wrapper.pb-project"; path = CordovaLib/CordovaLib.xcodeproj; sourceTree = "<group>"; };
		301BF56E109A69640062928A /* www */ = {isa = PBXFileReference; lastKnownFileType = folder; path = www; sourceTree = SOURCE_ROOT; };
		302D95EE14D2391D003F00A1 /* MainViewController.h */ = {isa = PBXFileReference; fileEncoding = 4; lastKnownFileType = sourcecode.c.h; path = MainViewController.h; sourceTree = "<group>"; };
		302D95EF14D2391D003F00A1 /* MainViewController.m */ = {isa = PBXFileReference; fileEncoding = 4; lastKnownFileType = sourcecode.c.objc; path = MainViewController.m; sourceTree = "<group>"; };
		302D95F014D2391D003F00A1 /* MainViewController.xib */ = {isa = PBXFileReference; fileEncoding = 4; lastKnownFileType = file.xib; path = MainViewController.xib; sourceTree = "<group>"; };
		3047A50F1AB8059700498E2A /* build-debug.xcconfig */ = {isa = PBXFileReference; fileEncoding = 4; lastKnownFileType = text.xcconfig; name = "build-debug.xcconfig"; path = "cordova/build-debug.xcconfig"; sourceTree = SOURCE_ROOT; };
		3047A5101AB8059700498E2A /* build-release.xcconfig */ = {isa = PBXFileReference; fileEncoding = 4; lastKnownFileType = text.xcconfig; name = "build-release.xcconfig"; path = "cordova/build-release.xcconfig"; sourceTree = SOURCE_ROOT; };
		3047A5111AB8059700498E2A /* build.xcconfig */ = {isa = PBXFileReference; fileEncoding = 4; lastKnownFileType = text.xcconfig; name = build.xcconfig; path = cordova/build.xcconfig; sourceTree = SOURCE_ROOT; };
		32CA4F630368D1EE00C91783 /* Logify-Prefix.pch */ = {isa = PBXFileReference; fileEncoding = 4; lastKnownFileType = sourcecode.c.h; path = "Logify-Prefix.pch"; sourceTree = "<group>"; };
		3BE476E53067405B9BA5D62B /* scannerOverlay.xib */ = {isa = PBXFileReference; explicitFileType = undefined; fileEncoding = 9; includeInIndex = 0; lastKnownFileType = file.xib; path = scannerOverlay.xib; sourceTree = "<group>"; };
		3BF0D412DEC14A48BDA3C7D8 /* CDVCapture.bundle */ = {isa = PBXFileReference; explicitFileType = undefined; fileEncoding = 9; includeInIndex = 0; lastKnownFileType = "wrapper.plug-in"; path = CDVCapture.bundle; sourceTree = "<group>"; };
		3F2766FF92FA4A50811CAE5C /* AVFoundation.framework */ = {isa = PBXFileReference; explicitFileType = undefined; fileEncoding = 9; includeInIndex = 0; lastKnownFileType = wrapper.framework; name = AVFoundation.framework; path = System/Library/Frameworks/AVFoundation.framework; sourceTree = SDKROOT; };
		4764A275990E4DB896C1B37D /* CDVViewController+SplashScreen.h */ = {isa = PBXFileReference; explicitFileType = undefined; fileEncoding = 4; includeInIndex = 0; lastKnownFileType = sourcecode.c.h; name = "CDVViewController+SplashScreen.h"; path = "cordova-plugin-splashscreen/CDVViewController+SplashScreen.h"; sourceTree = "<group>"; };
		54CF5D0F4E8941239DDC5400 /* CDVAssetLibraryFilesystem.h */ = {isa = PBXFileReference; explicitFileType = undefined; fileEncoding = 4; includeInIndex = 0; lastKnownFileType = sourcecode.c.h; name = CDVAssetLibraryFilesystem.h; path = "cordova-plugin-file/CDVAssetLibraryFilesystem.h"; sourceTree = "<group>"; };
		596186817ED04DE0BE11349C /* CDVFile.h */ = {isa = PBXFileReference; explicitFileType = undefined; fileEncoding = 4; includeInIndex = 0; lastKnownFileType = sourcecode.c.h; name = CDVFile.h; path = "cordova-plugin-file/CDVFile.h"; sourceTree = "<group>"; };
		59BDE948A6404E0A9B3CC459 /* CDVWKWebViewEngine.h */ = {isa = PBXFileReference; explicitFileType = undefined; fileEncoding = 4; includeInIndex = 0; lastKnownFileType = sourcecode.c.h; name = CDVWKWebViewEngine.h; path = "cordova-plugin-wkwebview-engine/CDVWKWebViewEngine.h"; sourceTree = "<group>"; };
		5AE241C3C63D4CA9959206FC /* CDVCapture.h */ = {isa = PBXFileReference; explicitFileType = undefined; fileEncoding = 4; includeInIndex = 0; lastKnownFileType = sourcecode.c.h; name = CDVCapture.h; path = "cordova-plugin-media-capture/CDVCapture.h"; sourceTree = "<group>"; };
		680F2D18FA2149C08FEEA02A /* CDVKeyboard.m */ = {isa = PBXFileReference; explicitFileType = undefined; fileEncoding = 4; includeInIndex = 0; lastKnownFileType = sourcecode.c.objc; name = CDVKeyboard.m; path = "cordova-plugin-keyboard/CDVKeyboard.m"; sourceTree = "<group>"; };
		6A58A084FE3F4E13B486548B /* CDVCapture.m */ = {isa = PBXFileReference; explicitFileType = undefined; fileEncoding = 4; includeInIndex = 0; lastKnownFileType = sourcecode.c.objc; name = CDVCapture.m; path = "cordova-plugin-media-capture/CDVCapture.m"; sourceTree = "<group>"; };
		6AFF5BF81D6E424B00AB3073 /* CDVLaunchScreen.storyboard */ = {isa = PBXFileReference; fileEncoding = 4; lastKnownFileType = file.storyboard; name = CDVLaunchScreen.storyboard; path = Logify/CDVLaunchScreen.storyboard; sourceTree = SOURCE_ROOT; };
		6C8459B87D4443529D8512EF /* CDVStatusBar.m */ = {isa = PBXFileReference; explicitFileType = undefined; fileEncoding = 4; includeInIndex = 0; lastKnownFileType = sourcecode.c.objc; name = CDVStatusBar.m; path = "cordova-plugin-statusbar/CDVStatusBar.m"; sourceTree = "<group>"; };
		847FDF6425A9495AA9603C73 /* CDVViewController+SplashScreen.m */ = {isa = PBXFileReference; explicitFileType = undefined; fileEncoding = 4; includeInIndex = 0; lastKnownFileType = sourcecode.c.objc; name = "CDVViewController+SplashScreen.m"; path = "cordova-plugin-splashscreen/CDVViewController+SplashScreen.m"; sourceTree = "<group>"; };
		8D1107310486CEB800E47090 /* Logify-Info.plist */ = {isa = PBXFileReference; fileEncoding = 4; lastKnownFileType = text.plist.xml; name = "Logify-Info.plist"; path = "Logify/Logify-Info.plist"; plistStructureDefinitionIdentifier = "com.apple.xcode.plist.structure-definition.iphone.info-plist"; sourceTree = SOURCE_ROOT; };
		8E94C663FD574C6A8AF20736 /* CDVStatusBar.h */ = {isa = PBXFileReference; explicitFileType = undefined; fileEncoding = 4; includeInIndex = 0; lastKnownFileType = sourcecode.c.h; name = CDVStatusBar.h; path = "cordova-plugin-statusbar/CDVStatusBar.h"; sourceTree = "<group>"; };
		910CA6FDCFD644EE970EEEAE /* CDVWKProcessPoolFactory.h */ = {isa = PBXFileReference; explicitFileType = undefined; fileEncoding = 4; includeInIndex = 0; lastKnownFileType = sourcecode.c.h; name = CDVWKProcessPoolFactory.h; path = "cordova-plugin-wkwebview-engine/CDVWKProcessPoolFactory.h"; sourceTree = "<group>"; };
		A0ADAB1546314B46B2CDC1AA /* CDVLocalFilesystem.h */ = {isa = PBXFileReference; explicitFileType = undefined; fileEncoding = 4; includeInIndex = 0; lastKnownFileType = sourcecode.c.h; name = CDVLocalFilesystem.h; path = "cordova-plugin-file/CDVLocalFilesystem.h"; sourceTree = "<group>"; };
		A2C89663C1034A13976A0960 /* AudioToolbox.framework */ = {isa = PBXFileReference; explicitFileType = undefined; fileEncoding = 9; includeInIndex = 0; lastKnownFileType = wrapper.framework; name = AudioToolbox.framework; path = System/Library/Frameworks/AudioToolbox.framework; sourceTree = SDKROOT; };
		A648E556D94F4E08ADA77008 /* CDVSplashScreen.h */ = {isa = PBXFileReference; explicitFileType = undefined; fileEncoding = 4; includeInIndex = 0; lastKnownFileType = sourcecode.c.h; name = CDVSplashScreen.h; path = "cordova-plugin-splashscreen/CDVSplashScreen.h"; sourceTree = "<group>"; };
		A6A086032B924420A9986511 /* CDVKeyboard.h */ = {isa = PBXFileReference; explicitFileType = undefined; fileEncoding = 4; includeInIndex = 0; lastKnownFileType = sourcecode.c.h; name = CDVKeyboard.h; path = "cordova-plugin-keyboard/CDVKeyboard.h"; sourceTree = "<group>"; };
		A6DDEDA4BBB346DF9DED790A /* CoreLocation.framework */ = {isa = PBXFileReference; explicitFileType = undefined; fileEncoding = 9; includeInIndex = 0; lastKnownFileType = wrapper.framework; name = CoreLocation.framework; path = System/Library/Frameworks/CoreLocation.framework; sourceTree = SDKROOT; };
		C3FCD1489ABB4E868B0C30FE /* CDVWKProcessPoolFactory.m */ = {isa = PBXFileReference; explicitFileType = undefined; fileEncoding = 4; includeInIndex = 0; lastKnownFileType = sourcecode.c.objc; name = CDVWKProcessPoolFactory.m; path = "cordova-plugin-wkwebview-engine/CDVWKProcessPoolFactory.m"; sourceTree = "<group>"; };
		C5A827FB4E2D4DFEA0D42952 /* CDVSplashScreen.m */ = {isa = PBXFileReference; explicitFileType = undefined; fileEncoding = 4; includeInIndex = 0; lastKnownFileType = sourcecode.c.objc; name = CDVSplashScreen.m; path = "cordova-plugin-splashscreen/CDVSplashScreen.m"; sourceTree = "<group>"; };
		DAEEC529EA3A4DF1A1E9F82E /* CDVWKWebViewUIDelegate.m */ = {isa = PBXFileReference; explicitFileType = undefined; fileEncoding = 4; includeInIndex = 0; lastKnownFileType = sourcecode.c.objc; name = CDVWKWebViewUIDelegate.m; path = "cordova-plugin-wkwebview-engine/CDVWKWebViewUIDelegate.m"; sourceTree = "<group>"; };
		EB87FDF31871DA8E0020F90C /* www */ = {isa = PBXFileReference; lastKnownFileType = folder; name = www; path = ../../www; sourceTree = "<group>"; };
		EB87FDF41871DAF40020F90C /* config.xml */ = {isa = PBXFileReference; lastKnownFileType = text.xml; name = config.xml; path = ../../config.xml; sourceTree = "<group>"; };
		EBB131E41E1F4A1597827129 /* CDVLocalFilesystem.m */ = {isa = PBXFileReference; explicitFileType = undefined; fileEncoding = 4; includeInIndex = 0; lastKnownFileType = sourcecode.c.objc; name = CDVLocalFilesystem.m; path = "cordova-plugin-file/CDVLocalFilesystem.m"; sourceTree = "<group>"; };
		ED33DF2A687741AEAF9F8254 /* Bridging-Header.h */ = {isa = PBXFileReference; fileEncoding = 4; lastKnownFileType = sourcecode.c.h; path = "Bridging-Header.h"; sourceTree = "<group>"; };
		F840E1F0165FE0F500CFE078 /* config.xml */ = {isa = PBXFileReference; lastKnownFileType = text.xml; name = config.xml; path = Logify/config.xml; sourceTree = "<group>"; };
		F992464F720A42C5979D0884 /* CDVLocation.m */ = {isa = PBXFileReference; explicitFileType = undefined; fileEncoding = 4; includeInIndex = 0; lastKnownFileType = sourcecode.c.objc; name = CDVLocation.m; path = "cordova-plugin-geolocation/CDVLocation.m"; sourceTree = "<group>"; };
		FD8E402E260E4FDFA1522C05 /* CDVWKWebViewUIDelegate.h */ = {isa = PBXFileReference; explicitFileType = undefined; fileEncoding = 4; includeInIndex = 0; lastKnownFileType = sourcecode.c.h; name = CDVWKWebViewUIDelegate.h; path = "cordova-plugin-wkwebview-engine/CDVWKWebViewUIDelegate.h"; sourceTree = "<group>"; };
		C710B4EB71264CD893569DF3 /* Screenshot.m */ = {isa = PBXFileReference; name = "Screenshot.m"; path = "com.darktalker.cordova.screenshot/Screenshot.m"; sourceTree = "<group>"; fileEncoding = 4; lastKnownFileType = sourcecode.c.objc; explicitFileType = undefined; includeInIndex = 0; };
		0A785E8A8344417B9A6ABF49 /* Screenshot.h */ = {isa = PBXFileReference; name = "Screenshot.h"; path = "com.darktalker.cordova.screenshot/Screenshot.h"; sourceTree = "<group>"; fileEncoding = 4; lastKnownFileType = sourcecode.c.h; explicitFileType = undefined; includeInIndex = 0; };
		7D4A291727474975A5CD763B /* CDVMediaStream.m */ = {isa = PBXFileReference; name = "CDVMediaStream.m"; path = "phonegap-plugin-media-stream/CDVMediaStream.m"; sourceTree = "<group>"; fileEncoding = 4; lastKnownFileType = sourcecode.c.objc; explicitFileType = undefined; includeInIndex = 0; };
		2A538848030B48718D306F79 /* CameraViewController.m */ = {isa = PBXFileReference; name = "CameraViewController.m"; path = "phonegap-plugin-media-stream/CameraViewController.m"; sourceTree = "<group>"; fileEncoding = 4; lastKnownFileType = sourcecode.c.objc; explicitFileType = undefined; includeInIndex = 0; };
		ECD83CC6E219459DBFC7C8CE /* JPSCameraButton.m */ = {isa = PBXFileReference; name = "JPSCameraButton.m"; path = "phonegap-plugin-media-stream/JPSCameraButton.m"; sourceTree = "<group>"; fileEncoding = 4; lastKnownFileType = sourcecode.c.objc; explicitFileType = undefined; includeInIndex = 0; };
		385255A3105543B2A2B93C71 /* UIImage+DrawBlock.m */ = {isa = PBXFileReference; name = "UIImage+DrawBlock.m"; path = "phonegap-plugin-media-stream/UIImage+DrawBlock.m"; sourceTree = "<group>"; fileEncoding = 4; lastKnownFileType = sourcecode.c.objc; explicitFileType = undefined; includeInIndex = 0; };
		BB970CA5F5134DA5B31CBCA9 /* CDVMediaStream.h */ = {isa = PBXFileReference; name = "CDVMediaStream.h"; path = "phonegap-plugin-media-stream/CDVMediaStream.h"; sourceTree = "<group>"; fileEncoding = 4; lastKnownFileType = sourcecode.c.h; explicitFileType = undefined; includeInIndex = 0; };
		5F164D17273B45F29ACD2FD7 /* CameraViewController.h */ = {isa = PBXFileReference; name = "CameraViewController.h"; path = "phonegap-plugin-media-stream/CameraViewController.h"; sourceTree = "<group>"; fileEncoding = 4; lastKnownFileType = sourcecode.c.h; explicitFileType = undefined; includeInIndex = 0; };
		A157F178F70F4440B954EDFE /* JPSCameraButton.h */ = {isa = PBXFileReference; name = "JPSCameraButton.h"; path = "phonegap-plugin-media-stream/JPSCameraButton.h"; sourceTree = "<group>"; fileEncoding = 4; lastKnownFileType = sourcecode.c.h; explicitFileType = undefined; includeInIndex = 0; };
		1E23C8AE01EE4C2EAB1C0EC0 /* UIImage+DrawBlock.h */ = {isa = PBXFileReference; name = "UIImage+DrawBlock.h"; path = "phonegap-plugin-media-stream/UIImage+DrawBlock.h"; sourceTree = "<group>"; fileEncoding = 4; lastKnownFileType = sourcecode.c.h; explicitFileType = undefined; includeInIndex = 0; };
		98FE76508F654BC89FCC7FCD /* CameraViewController.xib */ = {isa = PBXFileReference; name = "CameraViewController.xib"; path = "CameraViewController.xib"; sourceTree = "<group>"; fileEncoding = undefined; lastKnownFileType = file.xib; explicitFileType = undefined; includeInIndex = 0; };
		4CBA3B4A67EC4D57AF6FEE9F /* CDVImageCapture.m */ = {isa = PBXFileReference; name = "CDVImageCapture.m"; path = "phonegap-plugin-image-capture/CDVImageCapture.m"; sourceTree = "<group>"; fileEncoding = 4; lastKnownFileType = sourcecode.c.objc; explicitFileType = undefined; includeInIndex = 0; };
		2976AF90C2A14C139E51C525 /* CDVImageCapture.h */ = {isa = PBXFileReference; name = "CDVImageCapture.h"; path = "phonegap-plugin-image-capture/CDVImageCapture.h"; sourceTree = "<group>"; fileEncoding = 4; lastKnownFileType = sourcecode.c.h; explicitFileType = undefined; includeInIndex = 0; };
		8D04765AE66B42B49943DEA3 /* CDVImageCapture.bundle */ = {isa = PBXFileReference; name = "CDVImageCapture.bundle"; path = "CDVImageCapture.bundle"; sourceTree = "<group>"; fileEncoding = undefined; lastKnownFileType = wrapper.plug-in; explicitFileType = undefined; includeInIndex = 0; };
		8599149865C0478FB8C21F4F /* ImageIO.framework */ = {isa = PBXFileReference; name = "ImageIO.framework"; path = "System/Library/Frameworks/ImageIO.framework"; sourceTree = SDKROOT; fileEncoding = undefined; lastKnownFileType = wrapper.framework; explicitFileType = undefined; includeInIndex = 0; };
		E220716C8BF0462B9DB520D9 /* CDVSound.m */ = {isa = PBXFileReference; name = "CDVSound.m"; path = "cordova-plugin-media/CDVSound.m"; sourceTree = "<group>"; fileEncoding = 4; lastKnownFileType = sourcecode.c.objc; explicitFileType = undefined; includeInIndex = 0; };
		E71BB7C03FAE4525948CD405 /* CDVSound.h */ = {isa = PBXFileReference; name = "CDVSound.h"; path = "cordova-plugin-media/CDVSound.h"; sourceTree = "<group>"; fileEncoding = 4; lastKnownFileType = sourcecode.c.h; explicitFileType = undefined; includeInIndex = 0; };
		FA295E28CBF3459C862CFD41 /* CDVFileTransfer.m */ = {isa = PBXFileReference; name = "CDVFileTransfer.m"; path = "cordova-plugin-file-transfer/CDVFileTransfer.m"; sourceTree = "<group>"; fileEncoding = 4; lastKnownFileType = sourcecode.c.objc; explicitFileType = undefined; includeInIndex = 0; };
		056AD3CFAFE8498981C477CA /* CDVFileTransfer.h */ = {isa = PBXFileReference; name = "CDVFileTransfer.h"; path = "cordova-plugin-file-transfer/CDVFileTransfer.h"; sourceTree = "<group>"; fileEncoding = 4; lastKnownFileType = sourcecode.c.h; explicitFileType = undefined; includeInIndex = 0; };
		8379B5F46B424220B7A31263 /* CDVInAppBrowser.m */ = {isa = PBXFileReference; name = "CDVInAppBrowser.m"; path = "cordova-plugin-inappbrowser/CDVInAppBrowser.m"; sourceTree = "<group>"; fileEncoding = 4; lastKnownFileType = sourcecode.c.objc; explicitFileType = undefined; includeInIndex = 0; };
		3EE1D1C49C3F4EB8A567A653 /* CDVInAppBrowserOptions.m */ = {isa = PBXFileReference; name = "CDVInAppBrowserOptions.m"; path = "cordova-plugin-inappbrowser/CDVInAppBrowserOptions.m"; sourceTree = "<group>"; fileEncoding = 4; lastKnownFileType = sourcecode.c.objc; explicitFileType = undefined; includeInIndex = 0; };
		934095D5E78F4D0696FB2A10 /* CDVInAppBrowserNavigationController.m */ = {isa = PBXFileReference; name = "CDVInAppBrowserNavigationController.m"; path = "cordova-plugin-inappbrowser/CDVInAppBrowserNavigationController.m"; sourceTree = "<group>"; fileEncoding = 4; lastKnownFileType = sourcecode.c.objc; explicitFileType = undefined; includeInIndex = 0; };
		F0A29DC3C9F445A397C9A16C /* CDVUIInAppBrowser.m */ = {isa = PBXFileReference; name = "CDVUIInAppBrowser.m"; path = "cordova-plugin-inappbrowser/CDVUIInAppBrowser.m"; sourceTree = "<group>"; fileEncoding = 4; lastKnownFileType = sourcecode.c.objc; explicitFileType = undefined; includeInIndex = 0; };
		01B869F98B614FBC81C4FD42 /* CDVWKInAppBrowser.m */ = {isa = PBXFileReference; name = "CDVWKInAppBrowser.m"; path = "cordova-plugin-inappbrowser/CDVWKInAppBrowser.m"; sourceTree = "<group>"; fileEncoding = 4; lastKnownFileType = sourcecode.c.objc; explicitFileType = undefined; includeInIndex = 0; };
		11DC2772BDF8481B8DB8FF62 /* CDVWKInAppBrowserUIDelegate.m */ = {isa = PBXFileReference; name = "CDVWKInAppBrowserUIDelegate.m"; path = "cordova-plugin-inappbrowser/CDVWKInAppBrowserUIDelegate.m"; sourceTree = "<group>"; fileEncoding = 4; lastKnownFileType = sourcecode.c.objc; explicitFileType = undefined; includeInIndex = 0; };
		B986E51D47CA4DCE8B12A47F /* CDVInAppBrowser.h */ = {isa = PBXFileReference; name = "CDVInAppBrowser.h"; path = "cordova-plugin-inappbrowser/CDVInAppBrowser.h"; sourceTree = "<group>"; fileEncoding = 4; lastKnownFileType = sourcecode.c.h; explicitFileType = undefined; includeInIndex = 0; };
		4824F05456434C75AF58BF30 /* CDVInAppBrowserOptions.h */ = {isa = PBXFileReference; name = "CDVInAppBrowserOptions.h"; path = "cordova-plugin-inappbrowser/CDVInAppBrowserOptions.h"; sourceTree = "<group>"; fileEncoding = 4; lastKnownFileType = sourcecode.c.h; explicitFileType = undefined; includeInIndex = 0; };
		1A798AB2DBB6448299661B56 /* CDVInAppBrowserNavigationController.h */ = {isa = PBXFileReference; name = "CDVInAppBrowserNavigationController.h"; path = "cordova-plugin-inappbrowser/CDVInAppBrowserNavigationController.h"; sourceTree = "<group>"; fileEncoding = 4; lastKnownFileType = sourcecode.c.h; explicitFileType = undefined; includeInIndex = 0; };
		6788EA21D12340E1A86BA9C4 /* CDVUIInAppBrowser.h */ = {isa = PBXFileReference; name = "CDVUIInAppBrowser.h"; path = "cordova-plugin-inappbrowser/CDVUIInAppBrowser.h"; sourceTree = "<group>"; fileEncoding = 4; lastKnownFileType = sourcecode.c.h; explicitFileType = undefined; includeInIndex = 0; };
		96608E61FD61434887D922B0 /* CDVWKInAppBrowser.h */ = {isa = PBXFileReference; name = "CDVWKInAppBrowser.h"; path = "cordova-plugin-inappbrowser/CDVWKInAppBrowser.h"; sourceTree = "<group>"; fileEncoding = 4; lastKnownFileType = sourcecode.c.h; explicitFileType = undefined; includeInIndex = 0; };
		09486CFA9B1F4A0BB76E5157 /* CDVWKInAppBrowserUIDelegate.h */ = {isa = PBXFileReference; name = "CDVWKInAppBrowserUIDelegate.h"; path = "cordova-plugin-inappbrowser/CDVWKInAppBrowserUIDelegate.h"; sourceTree = "<group>"; fileEncoding = 4; lastKnownFileType = sourcecode.c.h; explicitFileType = undefined; includeInIndex = 0; };
/* End PBXFileReference section */

/* Begin PBXFrameworksBuildPhase section */
		1D60588F0D05DD3D006BFB54 /* Frameworks */ = {
			isa = PBXFrameworksBuildPhase;
			buildActionMask = 2147483647;
			files = (
				301BF552109A68D80062928A /* libCordova.a in Frameworks */,
				560714ED64134DFBBC37B1CE /* CoreLocation.framework in Frameworks */,
				BA8D5F9F521C446282B2CF76 /* WebKit.framework in Frameworks */,
				698F5647CE9A40D5AADF6191 /* AVFoundation.framework in Frameworks */,
				C53CDF2C1F0943969498CC19 /* AudioToolbox.framework in Frameworks */,
				67D7F67649844C8B8D56FBB2 /* ImageIO.framework in Frameworks */,
			);
			runOnlyForDeploymentPostprocessing = 0;
		};
/* End PBXFrameworksBuildPhase section */

/* Begin PBXGroup section */
		080E96DDFE201D6D7F000001 /* Classes */ = {
			isa = PBXGroup;
			children = (
				302D95EE14D2391D003F00A1 /* MainViewController.h */,
				302D95EF14D2391D003F00A1 /* MainViewController.m */,
				302D95F014D2391D003F00A1 /* MainViewController.xib */,
				1D3623240D0F684500981E51 /* AppDelegate.h */,
				1D3623250D0F684500981E51 /* AppDelegate.m */,
			);
			name = Classes;
			path = Logify/Classes;
			sourceTree = SOURCE_ROOT;
		};
		19C28FACFE9D520D11CA2CBB /* Products */ = {
			isa = PBXGroup;
			children = (
				1D6058910D05DD3D006BFB54 /* Logify.app */,
			);
			name = Products;
			sourceTree = "<group>";
		};
		29B97314FDCFA39411CA2CEA /* CustomTemplate */ = {
			isa = PBXGroup;
			children = (
				EB87FDF41871DAF40020F90C /* config.xml */,
				EB87FDF31871DA8E0020F90C /* www */,
				EB87FDF11871DA420020F90C /* Staging */,
				301BF52D109A57CC0062928A /* CordovaLib/CordovaLib.xcodeproj */,
				080E96DDFE201D6D7F000001 /* Classes */,
				307C750510C5A3420062BCA9 /* Plugins */,
				29B97315FDCFA39411CA2CEA /* Other Sources */,
				29B97317FDCFA39411CA2CEA /* Resources */,
				29B97323FDCFA39411CA2CEA /* Frameworks */,
				19C28FACFE9D520D11CA2CBB /* Products */,
			);
			name = CustomTemplate;
			sourceTree = "<group>";
		};
		29B97315FDCFA39411CA2CEA /* Other Sources */ = {
			isa = PBXGroup;
			children = (
				32CA4F630368D1EE00C91783 /* Logify-Prefix.pch */,
				29B97316FDCFA39411CA2CEA /* main.m */,
				ED33DF2A687741AEAF9F8254 /* Bridging-Header.h */,
			);
			name = "Other Sources";
			path = Logify;
			sourceTree = "<group>";
		};
		29B97317FDCFA39411CA2CEA /* Resources */ = {
			isa = PBXGroup;
			children = (
				0207DA571B56EA530066E2B4 /* Images.xcassets */,
				3047A50E1AB8057F00498E2A /* config */,
				8D1107310486CEB800E47090 /* Logify-Info.plist */,
				6AFF5BF81D6E424B00AB3073 /* CDVLaunchScreen.storyboard */,
				3BF0D412DEC14A48BDA3C7D8 /* CDVCapture.bundle */,
				3BE476E53067405B9BA5D62B /* scannerOverlay.xib */,
				25CD4C366CF24BD39E189286 /* CDVBarcodeScanner.bundle */,
				98FE76508F654BC89FCC7FCD /* CameraViewController.xib */,
				8D04765AE66B42B49943DEA3 /* CDVImageCapture.bundle */,
			);
			name = Resources;
			path = Logify/Resources;
			sourceTree = "<group>";
		};
		29B97323FDCFA39411CA2CEA /* Frameworks */ = {
			isa = PBXGroup;
			children = (
				A6DDEDA4BBB346DF9DED790A /* CoreLocation.framework */,
				0C423A9989D04800A7AA0438 /* WebKit.framework */,
				3F2766FF92FA4A50811CAE5C /* AVFoundation.framework */,
				A2C89663C1034A13976A0960 /* AudioToolbox.framework */,
				8599149865C0478FB8C21F4F /* ImageIO.framework */,
			);
			name = Frameworks;
			sourceTree = "<group>";
		};
		301BF52E109A57CC0062928A /* Products */ = {
			isa = PBXGroup;
			children = (
				301BF535109A57CC0062928A /* libCordova.a */,
				907D8124214C687600058A10 /* Cordova.framework */,
			);
			name = Products;
			sourceTree = "<group>";
		};
		3047A50E1AB8057F00498E2A /* config */ = {
			isa = PBXGroup;
			children = (
				3047A50F1AB8059700498E2A /* build-debug.xcconfig */,
				3047A5101AB8059700498E2A /* build-release.xcconfig */,
				3047A5111AB8059700498E2A /* build.xcconfig */,
			);
			name = config;
			sourceTree = "<group>";
		};
		307C750510C5A3420062BCA9 /* Plugins */ = {
			isa = PBXGroup;
			children = (
				1D01BB4FCD994C6A866EDB86 /* CDVFile.m */,
				EBB131E41E1F4A1597827129 /* CDVLocalFilesystem.m */,
				00BB5D3509784912B21C6FD2 /* CDVAssetLibraryFilesystem.m */,
				596186817ED04DE0BE11349C /* CDVFile.h */,
				A0ADAB1546314B46B2CDC1AA /* CDVLocalFilesystem.h */,
				54CF5D0F4E8941239DDC5400 /* CDVAssetLibraryFilesystem.h */,
				F992464F720A42C5979D0884 /* CDVLocation.m */,
				143A445D59D449DE9DFD6911 /* CDVLocation.h */,
				680F2D18FA2149C08FEEA02A /* CDVKeyboard.m */,
				A6A086032B924420A9986511 /* CDVKeyboard.h */,
				6A58A084FE3F4E13B486548B /* CDVCapture.m */,
				5AE241C3C63D4CA9959206FC /* CDVCapture.h */,
				C5A827FB4E2D4DFEA0D42952 /* CDVSplashScreen.m */,
				847FDF6425A9495AA9603C73 /* CDVViewController+SplashScreen.m */,
				A648E556D94F4E08ADA77008 /* CDVSplashScreen.h */,
				4764A275990E4DB896C1B37D /* CDVViewController+SplashScreen.h */,
				6C8459B87D4443529D8512EF /* CDVStatusBar.m */,
				8E94C663FD574C6A8AF20736 /* CDVStatusBar.h */,
				0A6CB10BE8714C9D8D8A60B2 /* CDVWKWebViewEngine.m */,
				DAEEC529EA3A4DF1A1E9F82E /* CDVWKWebViewUIDelegate.m */,
				C3FCD1489ABB4E868B0C30FE /* CDVWKProcessPoolFactory.m */,
				59BDE948A6404E0A9B3CC459 /* CDVWKWebViewEngine.h */,
				FD8E402E260E4FDFA1522C05 /* CDVWKWebViewUIDelegate.h */,
				910CA6FDCFD644EE970EEEAE /* CDVWKProcessPoolFactory.h */,
				1F1C7C2FF268405E89B432FE /* CDVBarcodeScanner.mm */,
				C710B4EB71264CD893569DF3 /* Screenshot.m */,
				0A785E8A8344417B9A6ABF49 /* Screenshot.h */,
				7D4A291727474975A5CD763B /* CDVMediaStream.m */,
				2A538848030B48718D306F79 /* CameraViewController.m */,
				ECD83CC6E219459DBFC7C8CE /* JPSCameraButton.m */,
				385255A3105543B2A2B93C71 /* UIImage+DrawBlock.m */,
				BB970CA5F5134DA5B31CBCA9 /* CDVMediaStream.h */,
				5F164D17273B45F29ACD2FD7 /* CameraViewController.h */,
				A157F178F70F4440B954EDFE /* JPSCameraButton.h */,
				1E23C8AE01EE4C2EAB1C0EC0 /* UIImage+DrawBlock.h */,
				4CBA3B4A67EC4D57AF6FEE9F /* CDVImageCapture.m */,
				2976AF90C2A14C139E51C525 /* CDVImageCapture.h */,
				E220716C8BF0462B9DB520D9 /* CDVSound.m */,
				E71BB7C03FAE4525948CD405 /* CDVSound.h */,
				FA295E28CBF3459C862CFD41 /* CDVFileTransfer.m */,
				056AD3CFAFE8498981C477CA /* CDVFileTransfer.h */,
				8379B5F46B424220B7A31263 /* CDVInAppBrowser.m */,
				3EE1D1C49C3F4EB8A567A653 /* CDVInAppBrowserOptions.m */,
				934095D5E78F4D0696FB2A10 /* CDVInAppBrowserNavigationController.m */,
				F0A29DC3C9F445A397C9A16C /* CDVUIInAppBrowser.m */,
				01B869F98B614FBC81C4FD42 /* CDVWKInAppBrowser.m */,
				11DC2772BDF8481B8DB8FF62 /* CDVWKInAppBrowserUIDelegate.m */,
				B986E51D47CA4DCE8B12A47F /* CDVInAppBrowser.h */,
				4824F05456434C75AF58BF30 /* CDVInAppBrowserOptions.h */,
				1A798AB2DBB6448299661B56 /* CDVInAppBrowserNavigationController.h */,
				6788EA21D12340E1A86BA9C4 /* CDVUIInAppBrowser.h */,
				96608E61FD61434887D922B0 /* CDVWKInAppBrowser.h */,
				09486CFA9B1F4A0BB76E5157 /* CDVWKInAppBrowserUIDelegate.h */,
			);
			name = Plugins;
			path = Logify/Plugins;
			sourceTree = SOURCE_ROOT;
		};
		EB87FDF11871DA420020F90C /* Staging */ = {
			isa = PBXGroup;
			children = (
				F840E1F0165FE0F500CFE078 /* config.xml */,
				301BF56E109A69640062928A /* www */,
			);
			name = Staging;
			sourceTree = "<group>";
		};
/* End PBXGroup section */

/* Begin PBXNativeTarget section */
		1D6058900D05DD3D006BFB54 /* Logify */ = {
			isa = PBXNativeTarget;
			buildConfigurationList = 1D6058960D05DD3E006BFB54 /* Build configuration list for PBXNativeTarget "Logify" */;
			buildPhases = (
				304B58A110DAC018002A0835 /* Copy www directory */,
				1D60588D0D05DD3D006BFB54 /* Resources */,
				1D60588E0D05DD3D006BFB54 /* Sources */,
				1D60588F0D05DD3D006BFB54 /* Frameworks */,
			);
			buildRules = (
			);
			dependencies = (
				301BF551109A68C00062928A /* PBXTargetDependency */,
			);
			name = Logify;
			productName = Logify;
			productReference = 1D6058910D05DD3D006BFB54 /* Logify.app */;
			productType = "com.apple.product-type.application";
		};
/* End PBXNativeTarget section */

/* Begin PBXProject section */
		29B97313FDCFA39411CA2CEA /* Project object */ = {
			isa = PBXProject;
			attributes = {
				LastUpgradeCheck = 510;
				TargetAttributes = {
					1D6058900D05DD3D006BFB54 = {
						DevelopmentTeam = TET42R3PG2;
						ProvisioningStyle = Automatic;
					};
				};
			};
			buildConfigurationList = C01FCF4E08A954540054247B /* Build configuration list for PBXProject "Logify" */;
			compatibilityVersion = "Xcode 3.2";
			developmentRegion = English;
			hasScannedForEncodings = 1;
			knownRegions = (
				en,
			);
			mainGroup = 29B97314FDCFA39411CA2CEA /* CustomTemplate */;
			projectDirPath = "";
			projectReferences = (
				{
					ProductGroup = 301BF52E109A57CC0062928A /* Products */;
					ProjectRef = 301BF52D109A57CC0062928A /* CordovaLib/CordovaLib.xcodeproj */;
				},
			);
			projectRoot = "";
			targets = (
				1D6058900D05DD3D006BFB54 /* Logify */,
			);
		};
/* End PBXProject section */

/* Begin PBXReferenceProxy section */
		301BF535109A57CC0062928A /* libCordova.a */ = {
			isa = PBXReferenceProxy;
			fileType = archive.ar;
			path = libCordova.a;
			remoteRef = 301BF534109A57CC0062928A /* PBXContainerItemProxy */;
			sourceTree = BUILT_PRODUCTS_DIR;
		};
		907D8124214C687600058A10 /* Cordova.framework */ = {
			isa = PBXReferenceProxy;
			fileType = wrapper.framework;
			path = Cordova.framework;
			remoteRef = 907D8123214C687600058A10 /* PBXContainerItemProxy */;
			sourceTree = BUILT_PRODUCTS_DIR;
		};
/* End PBXReferenceProxy section */

/* Begin PBXResourcesBuildPhase section */
		1D60588D0D05DD3D006BFB54 /* Resources */ = {
			isa = PBXResourcesBuildPhase;
			buildActionMask = 2147483647;
			files = (
				302D95F214D2391D003F00A1 /* MainViewController.xib in Resources */,
				0207DA581B56EA530066E2B4 /* Images.xcassets in Resources */,
				6AFF5BF91D6E424B00AB3073 /* CDVLaunchScreen.storyboard in Resources */,
				E27B86DF53BF4C12B830866B /* CDVCapture.bundle in Resources */,
				0B334C81B59C4BD1AD4FF05F /* scannerOverlay.xib in Resources */,
				1657F4A1394344D8B369FA3F /* CDVBarcodeScanner.bundle in Resources */,
				002474762BFF40BFA93F02A2 /* CameraViewController.xib in Resources */,
				BE558B0443DF4085936670D4 /* CDVImageCapture.bundle in Resources */,
			);
			runOnlyForDeploymentPostprocessing = 0;
		};
/* End PBXResourcesBuildPhase section */

/* Begin PBXShellScriptBuildPhase section */
		304B58A110DAC018002A0835 /* Copy www directory */ = {
			isa = PBXShellScriptBuildPhase;
			buildActionMask = 2147483647;
			files = (
			);
			inputPaths = (
			);
			name = "Copy www directory";
			outputPaths = (
			);
			runOnlyForDeploymentPostprocessing = 0;
			shellPath = /bin/sh;
			shellScript = "\"$SRCROOT/Logify/Scripts/copy-www-build-step.sh\"";
			showEnvVarsInLog = 0;
		};
/* End PBXShellScriptBuildPhase section */

/* Begin PBXSourcesBuildPhase section */
		1D60588E0D05DD3D006BFB54 /* Sources */ = {
			isa = PBXSourcesBuildPhase;
			buildActionMask = 2147483647;
			files = (
				1D60589B0D05DD56006BFB54 /* main.m in Sources */,
				1D3623260D0F684500981E51 /* AppDelegate.m in Sources */,
				302D95F114D2391D003F00A1 /* MainViewController.m in Sources */,
				A722BC028FBA45209F081D55 /* CDVFile.m in Sources */,
				FE4D192651AD48C89A37958F /* CDVLocalFilesystem.m in Sources */,
				0B8BC10ACB8040ACB938C20A /* CDVAssetLibraryFilesystem.m in Sources */,
				072DC507BD3B438E8443188B /* CDVLocation.m in Sources */,
				5FA8A0A2C76A40A092543513 /* CDVKeyboard.m in Sources */,
				0D7C14C898DF490FB8B72C72 /* CDVCapture.m in Sources */,
				8446426455F743F5A9A2AF79 /* CDVSplashScreen.m in Sources */,
				57B749374DEF41BCBBD449C2 /* CDVViewController+SplashScreen.m in Sources */,
				5AAA165653F44011BA4E4123 /* CDVStatusBar.m in Sources */,
				C070E81E1A2E4EFD85CAEE58 /* CDVWKWebViewEngine.m in Sources */,
				0CF19F11F5A94C8985399CC0 /* CDVWKWebViewUIDelegate.m in Sources */,
				D7D1D596F3EB47AF981010EE /* CDVWKProcessPoolFactory.m in Sources */,
				689ED5943C3F4A819AC2E237 /* CDVBarcodeScanner.mm in Sources */,
				49816B88814E45F9BBBBC03A /* Screenshot.m in Sources */,
				E5B2471C84444858932C4123 /* CDVMediaStream.m in Sources */,
				50F7BA74052B4DC395D844ED /* CameraViewController.m in Sources */,
				02DA84E042FF4E6D9CB5CC7C /* JPSCameraButton.m in Sources */,
				3926AF016F774174825BFDCA /* UIImage+DrawBlock.m in Sources */,
				A036FDDFCD144C49964CF324 /* CDVImageCapture.m in Sources */,
				C9C29FB41FF044269A75CDE0 /* CDVSound.m in Sources */,
				9EAF45904A484E5589A77313 /* CDVFileTransfer.m in Sources */,
				CDC77A964D694AE8BE558BAB /* CDVInAppBrowser.m in Sources */,
				99499AF609F641FBB057A8E1 /* CDVInAppBrowserOptions.m in Sources */,
				E200A24B6F794B5EB84EAA27 /* CDVInAppBrowserNavigationController.m in Sources */,
				BED12AFE9A96427B9C16CB47 /* CDVUIInAppBrowser.m in Sources */,
				ACA10BCA905341F98FD0333E /* CDVWKInAppBrowser.m in Sources */,
				58D95D96D49648E0A6A2D6E9 /* CDVWKInAppBrowserUIDelegate.m in Sources */,
			);
			runOnlyForDeploymentPostprocessing = 0;
		};
/* End PBXSourcesBuildPhase section */

/* Begin PBXTargetDependency section */
		301BF551109A68C00062928A /* PBXTargetDependency */ = {
			isa = PBXTargetDependency;
			name = CordovaLib;
			targetProxy = 301BF550109A68C00062928A /* PBXContainerItemProxy */;
		};
/* End PBXTargetDependency section */

/* Begin XCBuildConfiguration section */
		1D6058940D05DD3E006BFB54 /* Debug */ = {
			isa = XCBuildConfiguration;
			baseConfigurationReference = 3047A50F1AB8059700498E2A /* build-debug.xcconfig */;
			buildSettings = {
				ALWAYS_SEARCH_USER_PATHS = NO;
				ASSETCATALOG_COMPILER_APPICON_NAME = AppIcon;
				CLANG_ENABLE_MODULES = YES;
				CLANG_ENABLE_OBJC_ARC = YES;
				COPY_PHASE_STRIP = NO;
				DEVELOPMENT_TEAM = TET42R3PG2;
				GCC_DYNAMIC_NO_PIC = NO;
				GCC_OPTIMIZATION_LEVEL = 0;
				GCC_PRECOMPILE_PREFIX_HEADER = YES;
				GCC_PREFIX_HEADER = "Logify/Logify-Prefix.pch";
				GCC_THUMB_SUPPORT = NO;
				GCC_VERSION = "";
				INFOPLIST_FILE = "Logify/Logify-Info.plist";
				IPHONEOS_DEPLOYMENT_TARGET = 10.0;
				LD_RUNPATH_SEARCH_PATHS = "@executable_path/Frameworks";
				PRODUCT_BUNDLE_IDENTIFIER = com.graphicsandcode.logify;
				PRODUCT_NAME = "$(TARGET_NAME)";
				TARGETED_DEVICE_FAMILY = "1,2";
			};
			name = Debug;
		};
		1D6058950D05DD3E006BFB54 /* Release */ = {
			isa = XCBuildConfiguration;
			baseConfigurationReference = 3047A5101AB8059700498E2A /* build-release.xcconfig */;
			buildSettings = {
				ALWAYS_SEARCH_USER_PATHS = NO;
				ASSETCATALOG_COMPILER_APPICON_NAME = AppIcon;
				CLANG_ENABLE_MODULES = YES;
				CLANG_ENABLE_OBJC_ARC = YES;
				COPY_PHASE_STRIP = YES;
				DEVELOPMENT_TEAM = TET42R3PG2;
				GCC_PRECOMPILE_PREFIX_HEADER = YES;
				GCC_PREFIX_HEADER = "Logify/Logify-Prefix.pch";
				GCC_THUMB_SUPPORT = NO;
				GCC_VERSION = "";
				INFOPLIST_FILE = "Logify/Logify-Info.plist";
				IPHONEOS_DEPLOYMENT_TARGET = 10.0;
				LD_RUNPATH_SEARCH_PATHS = "@executable_path/Frameworks";
				PRODUCT_BUNDLE_IDENTIFIER = com.graphicsandcode.logify;
				PRODUCT_NAME = "$(TARGET_NAME)";
				TARGETED_DEVICE_FAMILY = "1,2";
			};
			name = Release;
		};
		C01FCF4F08A954540054247B /* Debug */ = {
			isa = XCBuildConfiguration;
			baseConfigurationReference = 3047A5111AB8059700498E2A /* build.xcconfig */;
			buildSettings = {
				CLANG_ENABLE_MODULES = YES;
				CLANG_ENABLE_OBJC_ARC = YES;
				CLANG_WARN_BLOCK_CAPTURE_AUTORELEASING = YES;
				CLANG_WARN_BOOL_CONVERSION = YES;
				CLANG_WARN_COMMA = YES;
				CLANG_WARN_CONSTANT_CONVERSION = YES;
				CLANG_WARN_DEPRECATED_OBJC_IMPLEMENTATIONS = YES;
				CLANG_WARN_EMPTY_BODY = YES;
				CLANG_WARN_ENUM_CONVERSION = YES;
				CLANG_WARN_INFINITE_RECURSION = YES;
				CLANG_WARN_INT_CONVERSION = YES;
				CLANG_WARN_NON_LITERAL_NULL_CONVERSION = YES;
				CLANG_WARN_OBJC_IMPLICIT_RETAIN_SELF = YES;
				CLANG_WARN_OBJC_LITERAL_CONVERSION = YES;
				CLANG_WARN_RANGE_LOOP_ANALYSIS = YES;
				CLANG_WARN_STRICT_PROTOTYPES = YES;
				CLANG_WARN_SUSPICIOUS_MOVE = YES;
				CLANG_WARN_UNREACHABLE_CODE = YES;
				CLANG_WARN__DUPLICATE_METHOD_MATCH = YES;
				ENABLE_STRICT_OBJC_MSGSEND = YES;
				ENABLE_TESTABILITY = YES;
				GCC_C_LANGUAGE_STANDARD = c99;
				GCC_NO_COMMON_BLOCKS = YES;
				GCC_THUMB_SUPPORT = NO;
				GCC_VERSION = "";
				GCC_WARN_64_TO_32_BIT_CONVERSION = YES;
				GCC_WARN_ABOUT_RETURN_TYPE = YES;
				GCC_WARN_UNDECLARED_SELECTOR = YES;
				GCC_WARN_UNINITIALIZED_AUTOS = YES;
				GCC_WARN_UNUSED_FUNCTION = YES;
				GCC_WARN_UNUSED_VARIABLE = YES;
				ONLY_ACTIVE_ARCH = YES;
				PRODUCT_BUNDLE_IDENTIFIER = com.graphicsandcode.logify;
				SDKROOT = iphoneos;
				SKIP_INSTALL = NO;
			};
			name = Debug;
		};
		C01FCF5008A954540054247B /* Release */ = {
			isa = XCBuildConfiguration;
			baseConfigurationReference = 3047A5111AB8059700498E2A /* build.xcconfig */;
			buildSettings = {
				CLANG_ENABLE_MODULES = YES;
				CLANG_ENABLE_OBJC_ARC = YES;
				CLANG_WARN_BLOCK_CAPTURE_AUTORELEASING = YES;
				CLANG_WARN_BOOL_CONVERSION = YES;
				CLANG_WARN_COMMA = YES;
				CLANG_WARN_CONSTANT_CONVERSION = YES;
				CLANG_WARN_DEPRECATED_OBJC_IMPLEMENTATIONS = YES;
				CLANG_WARN_EMPTY_BODY = YES;
				CLANG_WARN_ENUM_CONVERSION = YES;
				CLANG_WARN_INFINITE_RECURSION = YES;
				CLANG_WARN_INT_CONVERSION = YES;
				CLANG_WARN_NON_LITERAL_NULL_CONVERSION = YES;
				CLANG_WARN_OBJC_IMPLICIT_RETAIN_SELF = YES;
				CLANG_WARN_OBJC_LITERAL_CONVERSION = YES;
				CLANG_WARN_RANGE_LOOP_ANALYSIS = YES;
				CLANG_WARN_STRICT_PROTOTYPES = YES;
				CLANG_WARN_SUSPICIOUS_MOVE = YES;
				CLANG_WARN_UNREACHABLE_CODE = YES;
				CLANG_WARN__DUPLICATE_METHOD_MATCH = YES;
				ENABLE_STRICT_OBJC_MSGSEND = YES;
				GCC_C_LANGUAGE_STANDARD = c99;
				GCC_NO_COMMON_BLOCKS = YES;
				GCC_THUMB_SUPPORT = NO;
				GCC_VERSION = "";
				GCC_WARN_64_TO_32_BIT_CONVERSION = YES;
				GCC_WARN_ABOUT_RETURN_TYPE = YES;
				GCC_WARN_UNDECLARED_SELECTOR = YES;
				GCC_WARN_UNINITIALIZED_AUTOS = YES;
				GCC_WARN_UNUSED_FUNCTION = YES;
				GCC_WARN_UNUSED_VARIABLE = YES;
				PRODUCT_BUNDLE_IDENTIFIER = com.graphicsandcode.logify;
				SDKROOT = iphoneos;
				SKIP_INSTALL = NO;
			};
			name = Release;
		};
/* End XCBuildConfiguration section */

/* Begin XCConfigurationList section */
		1D6058960D05DD3E006BFB54 /* Build configuration list for PBXNativeTarget "Logify" */ = {
			isa = XCConfigurationList;
			buildConfigurations = (
				1D6058940D05DD3E006BFB54 /* Debug */,
				1D6058950D05DD3E006BFB54 /* Release */,
			);
			defaultConfigurationIsVisible = 0;
			defaultConfigurationName = Release;
		};
		C01FCF4E08A954540054247B /* Build configuration list for PBXProject "Logify" */ = {
			isa = XCConfigurationList;
			buildConfigurations = (
				C01FCF4F08A954540054247B /* Debug */,
				C01FCF5008A954540054247B /* Release */,
			);
			defaultConfigurationIsVisible = 0;
			defaultConfigurationName = Release;
		};
/* End XCConfigurationList section */
	};
	rootObject = 29B97313FDCFA39411CA2CEA /* Project object */;
}
